
Microsoft Visual Studio Solution File, Format Version 12.00
# Visual Studio Version 16
VisualStudioVersion = 16.0.809.3
MinimumVisualStudioVersion = 10.0.40219.1
Project("{FAE04EC0-301F-11D3-BF4B-00C04F79EFBC}") = "TempleTourScheduler", "TempleTourScheduler\TempleTourScheduler.csproj", "{363C36A4-8BC2-43B7-8DEE-45EE9AE0E630}"
EndProject
Global
	GlobalSection(SolutionConfigurationPlatforms) = preSolution
		Debug|Any CPU = Debug|Any CPU
		Release|Any CPU = Release|Any CPU
	EndGlobalSection
	GlobalSection(ProjectConfigurationPlatforms) = postSolution
		{363C36A4-8BC2-43B7-8DEE-45EE9AE0E630}.Debug|Any CPU.ActiveCfg = Debug|Any CPU
		{363C36A4-8BC2-43B7-8DEE-45EE9AE0E630}.Debug|Any CPU.Build.0 = Debug|Any CPU
		{363C36A4-8BC2-43B7-8DEE-45EE9AE0E630}.Release|Any CPU.ActiveCfg = Release|Any CPU
		{363C36A4-8BC2-43B7-8DEE-45EE9AE0E630}.Release|Any CPU.Build.0 = Release|Any CPU
	EndGlobalSection
	GlobalSection(SolutionProperties) = preSolution
		HideSolutionNode = FALSE
	EndGlobalSection
	GlobalSection(ExtensibilityGlobals) = postSolution
		SolutionGuid = {2C8011A4-A94F-4D69-A4BF-E055AB882F31}
	EndGlobalSection
EndGlobal
